
Microsoft Visual Studio Solution File, Format Version 12.00
# Visual Studio 2012
Project("{FAE04EC0-301F-11D3-BF4B-00C04F79EFBC}") = "RiftChatConsole", "RiftChatConsole\RiftChatConsole.csproj", "{6384441F-557E-49B5-96BD-97AE66BB132E}"
EndProject
Project("{FAE04EC0-301F-11D3-BF4B-00C04F79EFBC}") = "RiftChat", "RiftChat\RiftChat.csproj", "{163B108A-947A-4D7B-9C5F-A8E7366D54B6}"
EndProject
Global
	GlobalSection(SolutionConfigurationPlatforms) = preSolution
		Debug|x86 = Debug|x86
		Release|x86 = Release|x86
	EndGlobalSection
	GlobalSection(ProjectConfigurationPlatforms) = postSolution
		{163B108A-947A-4D7B-9C5F-A8E7366D54B6}.Debug|x86.ActiveCfg = Debug|x86
		{163B108A-947A-4D7B-9C5F-A8E7366D54B6}.Debug|x86.Build.0 = Debug|x86
		{163B108A-947A-4D7B-9C5F-A8E7366D54B6}.Release|x86.ActiveCfg = Release|x86
		{163B108A-947A-4D7B-9C5F-A8E7366D54B6}.Release|x86.Build.0 = Release|x86
		{6384441F-557E-49B5-96BD-97AE66BB132E}.Debug|x86.ActiveCfg = Debug|x86
		{6384441F-557E-49B5-96BD-97AE66BB132E}.Debug|x86.Build.0 = Debug|x86
		{6384441F-557E-49B5-96BD-97AE66BB132E}.Release|x86.ActiveCfg = Release|x86
		{6384441F-557E-49B5-96BD-97AE66BB132E}.Release|x86.Build.0 = Release|x86
	EndGlobalSection
EndGlobal
